
Microsoft Visual Studio Solution File, Format Version 12.00
# Visual Studio Version 17
VisualStudioVersion = 17.9.34407.89
MinimumVisualStudioVersion = 10.0.40219.1
Project("{FAE04EC0-301F-11D3-BF4B-00C04F79EFBC}") = "MercadoFacilAPI", "MercadoFacilAPI\MercadoFacilAPI.csproj", "{F4DDC17A-72CE-4724-90C1-7F9B96D08D42}"
EndProject
Project("{FAE04EC0-301F-11D3-BF4B-00C04F79EFBC}") = "Domain", "Domain\Domain.csproj", "{5AFCDECE-CB20-431F-99C6-B48270D800EA}"
EndProject
Project("{FAE04EC0-301F-11D3-BF4B-00C04F79EFBC}") = "CrossCutting", "CrossCutting\CrossCutting.csproj", "{615030CD-3AE3-4867-AAC5-C1B278D23A9E}"
EndProject
Project("{FAE04EC0-301F-11D3-BF4B-00C04F79EFBC}") = "Infrastructure", "Infrastructure\Infrastructure.csproj", "{2AA96CF5-3206-4669-BCD7-1EDF3B3A30B0}"
EndProject
Project("{FAE04EC0-301F-11D3-BF4B-00C04F79EFBC}") = "Data", "Data\Data.csproj", "{67691BCD-F1FF-4823-B914-ABAB971C2666}"
EndProject
Global
	GlobalSection(SolutionConfigurationPlatforms) = preSolution
		Debug|Any CPU = Debug|Any CPU
		Release|Any CPU = Release|Any CPU
	EndGlobalSection
	GlobalSection(ProjectConfigurationPlatforms) = postSolution
		{F4DDC17A-72CE-4724-90C1-7F9B96D08D42}.Debug|Any CPU.ActiveCfg = Debug|Any CPU
		{F4DDC17A-72CE-4724-90C1-7F9B96D08D42}.Debug|Any CPU.Build.0 = Debug|Any CPU
		{F4DDC17A-72CE-4724-90C1-7F9B96D08D42}.Release|Any CPU.ActiveCfg = Release|Any CPU
		{F4DDC17A-72CE-4724-90C1-7F9B96D08D42}.Release|Any CPU.Build.0 = Release|Any CPU
		{5AFCDECE-CB20-431F-99C6-B48270D800EA}.Debug|Any CPU.ActiveCfg = Debug|Any CPU
		{5AFCDECE-CB20-431F-99C6-B48270D800EA}.Debug|Any CPU.Build.0 = Debug|Any CPU
		{5AFCDECE-CB20-431F-99C6-B48270D800EA}.Release|Any CPU.ActiveCfg = Release|Any CPU
		{5AFCDECE-CB20-431F-99C6-B48270D800EA}.Release|Any CPU.Build.0 = Release|Any CPU
		{615030CD-3AE3-4867-AAC5-C1B278D23A9E}.Debug|Any CPU.ActiveCfg = Debug|Any CPU
		{615030CD-3AE3-4867-AAC5-C1B278D23A9E}.Debug|Any CPU.Build.0 = Debug|Any CPU
		{615030CD-3AE3-4867-AAC5-C1B278D23A9E}.Release|Any CPU.ActiveCfg = Release|Any CPU
		{615030CD-3AE3-4867-AAC5-C1B278D23A9E}.Release|Any CPU.Build.0 = Release|Any CPU
		{2AA96CF5-3206-4669-BCD7-1EDF3B3A30B0}.Debug|Any CPU.ActiveCfg = Debug|Any CPU
		{2AA96CF5-3206-4669-BCD7-1EDF3B3A30B0}.Debug|Any CPU.Build.0 = Debug|Any CPU
		{2AA96CF5-3206-4669-BCD7-1EDF3B3A30B0}.Release|Any CPU.ActiveCfg = Release|Any CPU
		{2AA96CF5-3206-4669-BCD7-1EDF3B3A30B0}.Release|Any CPU.Build.0 = Release|Any CPU
		{67691BCD-F1FF-4823-B914-ABAB971C2666}.Debug|Any CPU.ActiveCfg = Debug|Any CPU
		{67691BCD-F1FF-4823-B914-ABAB971C2666}.Debug|Any CPU.Build.0 = Debug|Any CPU
		{67691BCD-F1FF-4823-B914-ABAB971C2666}.Release|Any CPU.ActiveCfg = Release|Any CPU
		{67691BCD-F1FF-4823-B914-ABAB971C2666}.Release|Any CPU.Build.0 = Release|Any CPU
	EndGlobalSection
	GlobalSection(SolutionProperties) = preSolution
		HideSolutionNode = FALSE
	EndGlobalSection
	GlobalSection(ExtensibilityGlobals) = postSolution
		SolutionGuid = {6792E18E-F5B2-4758-B445-888246D16212}
	EndGlobalSection
EndGlobal
